schema: '2.0'
stages:
  load_data:
    cmd: python src/load_data.py --config=params.yaml
    deps:
    - path: data_given/wine-quality.csv
      md5: dde3d72a6e74e5d92134b843df673801
      size: 264425
    - path: src/get_data.py
      md5: 368c135be1acbd84defdb7adee658c61
      size: 680
    - path: src/load_data.py
      md5: e85ae782609b562a0ade6d3848f3ea99
      size: 683
    outs:
    - path: data/raw/wine-quality.csv
      md5: 0f9e3efbba13d8dcf3d31f51efe071c3
      size: 292286
  split_data:
    cmd: python src/split_data.py --config=params.yaml
    deps:
    - path: data/raw/wine-quality.csv
      md5: 0f9e3efbba13d8dcf3d31f51efe071c3
      size: 292286
    - path: src/split_data.py
      md5: 853d21bd9f016376c81434da7244776f
      size: 1143
    outs:
    - path: data/processed/test_wine-quality.csv
      md5: d2f55e1e32b322283675258925fa61cc
      size: 58605
    - path: data/processed/train_wine-quality.csv
      md5: 4db6d4d7f4a4afa2a28f13709f632e0e
      size: 233827
  train_and_evaluate:
    cmd: python src/train_and_evaluate.py --config=params.yaml
    deps:
    - path: data/processed/test_wine-quality.csv
      md5: d2f55e1e32b322283675258925fa61cc
      size: 58605
    - path: data/processed/train_wine-quality.csv
      md5: 4db6d4d7f4a4afa2a28f13709f632e0e
      size: 233827
    - path: src/train_and_evaluate.py
      md5: 61ae3353d85dbbfe1b978b89a8c8ad87
      size: 2568
    params:
      params.yaml:
        estimators.ElasticNet.params.alpha: 0.88
        estimators.ElasticNet.params.l1_ratio: 0.89
    outs:
    - path: reports/params.json
      md5: 0568f34313ba7c5e55128b75dbcbee5c
      size: 46
    - path: reports/scores.json
      md5: b59c77e3c08957514d09f617108d4524
      size: 99
    - path: saved_models/model.joblib
      md5: dee9f46a01810aecceea79d05c9cf6fb
      size: 818
